
Microsoft Visual Studio Solution File, Format Version 12.00
# Visual Studio 14
VisualStudioVersion = 14.0.24720.0
MinimumVisualStudioVersion = 10.0.40219.1
Project("{FAE04EC0-301F-11D3-BF4B-00C04F79EFBC}") = "ChatApp", "ChatApp\ChatApp.csproj", "{5145458F-010C-4092-882F-66289B29F324}"
EndProject
Project("{FAE04EC0-301F-11D3-BF4B-00C04F79EFBC}") = "ChatLib", "ChatLib\ChatLib.csproj", "{AFEF2E9E-0B46-4DF1-BDB7-AA1EC3DA78FD}"
EndProject
Project("{FAE04EC0-301F-11D3-BF4B-00C04F79EFBC}") = "LoggerLib", "LoggerLib\LoggerLib.csproj", "{4C913CFC-3FC2-4533-AD30-E9CA8ABC8A7A}"
EndProject
Global
	GlobalSection(SolutionConfigurationPlatforms) = preSolution
		Debug|Any CPU = Debug|Any CPU
		Release|Any CPU = Release|Any CPU
	EndGlobalSection
	GlobalSection(ProjectConfigurationPlatforms) = postSolution
		{5145458F-010C-4092-882F-66289B29F324}.Debug|Any CPU.ActiveCfg = Debug|Any CPU
		{5145458F-010C-4092-882F-66289B29F324}.Debug|Any CPU.Build.0 = Debug|Any CPU
		{5145458F-010C-4092-882F-66289B29F324}.Release|Any CPU.ActiveCfg = Release|Any CPU
		{5145458F-010C-4092-882F-66289B29F324}.Release|Any CPU.Build.0 = Release|Any CPU
		{AFEF2E9E-0B46-4DF1-BDB7-AA1EC3DA78FD}.Debug|Any CPU.ActiveCfg = Debug|Any CPU
		{AFEF2E9E-0B46-4DF1-BDB7-AA1EC3DA78FD}.Debug|Any CPU.Build.0 = Debug|Any CPU
		{AFEF2E9E-0B46-4DF1-BDB7-AA1EC3DA78FD}.Release|Any CPU.ActiveCfg = Release|Any CPU
		{AFEF2E9E-0B46-4DF1-BDB7-AA1EC3DA78FD}.Release|Any CPU.Build.0 = Release|Any CPU
		{4C913CFC-3FC2-4533-AD30-E9CA8ABC8A7A}.Debug|Any CPU.ActiveCfg = Debug|Any CPU
		{4C913CFC-3FC2-4533-AD30-E9CA8ABC8A7A}.Debug|Any CPU.Build.0 = Debug|Any CPU
		{4C913CFC-3FC2-4533-AD30-E9CA8ABC8A7A}.Release|Any CPU.ActiveCfg = Release|Any CPU
		{4C913CFC-3FC2-4533-AD30-E9CA8ABC8A7A}.Release|Any CPU.Build.0 = Release|Any CPU
	EndGlobalSection
	GlobalSection(SolutionProperties) = preSolution
		HideSolutionNode = FALSE
	EndGlobalSection
	GlobalSection(ExtensibilityGlobals) = postSolution
		EnterpriseLibraryConfigurationToolBinariesPathV6 = packages\EnterpriseLibrary.Common.6.0.1304.0\lib\NET45;packages\EnterpriseLibrary.Logging.6.0.1304.0\lib\NET45
	EndGlobalSection
EndGlobal
